
Microsoft Visual Studio Solution File, Format Version 12.00
# Visual Studio 15
VisualStudioVersion = 15.0.27428.2015
MinimumVisualStudioVersion = 10.0.40219.1
Project("{FAE04EC0-301F-11D3-BF4B-00C04F79EFBC}") = "SqlLiteExample", "SqlLiteExample\SqlLiteExample.csproj", "{AEF540DA-1C54-413B-8F09-1378DD51E1E2}"
EndProject
Global
	GlobalSection(SolutionConfigurationPlatforms) = preSolution
		Debug|Any CPU = Debug|Any CPU
		Release|Any CPU = Release|Any CPU
	EndGlobalSection
	GlobalSection(ProjectConfigurationPlatforms) = postSolution
		{AEF540DA-1C54-413B-8F09-1378DD51E1E2}.Debug|Any CPU.ActiveCfg = Debug|Any CPU
		{AEF540DA-1C54-413B-8F09-1378DD51E1E2}.Debug|Any CPU.Build.0 = Debug|Any CPU
		{AEF540DA-1C54-413B-8F09-1378DD51E1E2}.Debug|Any CPU.Deploy.0 = Debug|Any CPU
		{AEF540DA-1C54-413B-8F09-1378DD51E1E2}.Release|Any CPU.ActiveCfg = Release|Any CPU
		{AEF540DA-1C54-413B-8F09-1378DD51E1E2}.Release|Any CPU.Build.0 = Release|Any CPU
		{AEF540DA-1C54-413B-8F09-1378DD51E1E2}.Release|Any CPU.Deploy.0 = Release|Any CPU
	EndGlobalSection
	GlobalSection(SolutionProperties) = preSolution
		HideSolutionNode = FALSE
	EndGlobalSection
	GlobalSection(ExtensibilityGlobals) = postSolution
		SolutionGuid = {447395CB-E33C-496F-9878-CCB4B8BECCD6}
	EndGlobalSection
EndGlobal
