
Microsoft Visual Studio Solution File, Format Version 12.00
# Visual Studio 15
VisualStudioVersion = 15.0.27428.2015
MinimumVisualStudioVersion = 10.0.40219.1
Project("{FAE04EC0-301F-11D3-BF4B-00C04F79EFBC}") = "FregmentExample", "FregmentExample\FregmentExample.csproj", "{8E4DA30A-7297-4EE7-B338-6A1844278B30}"
EndProject
Global
	GlobalSection(SolutionConfigurationPlatforms) = preSolution
		Debug|Any CPU = Debug|Any CPU
		Release|Any CPU = Release|Any CPU
	EndGlobalSection
	GlobalSection(ProjectConfigurationPlatforms) = postSolution
		{8E4DA30A-7297-4EE7-B338-6A1844278B30}.Debug|Any CPU.ActiveCfg = Debug|Any CPU
		{8E4DA30A-7297-4EE7-B338-6A1844278B30}.Debug|Any CPU.Build.0 = Debug|Any CPU
		{8E4DA30A-7297-4EE7-B338-6A1844278B30}.Debug|Any CPU.Deploy.0 = Debug|Any CPU
		{8E4DA30A-7297-4EE7-B338-6A1844278B30}.Release|Any CPU.ActiveCfg = Release|Any CPU
		{8E4DA30A-7297-4EE7-B338-6A1844278B30}.Release|Any CPU.Build.0 = Release|Any CPU
		{8E4DA30A-7297-4EE7-B338-6A1844278B30}.Release|Any CPU.Deploy.0 = Release|Any CPU
	EndGlobalSection
	GlobalSection(SolutionProperties) = preSolution
		HideSolutionNode = FALSE
	EndGlobalSection
	GlobalSection(ExtensibilityGlobals) = postSolution
		SolutionGuid = {8C1D58AD-54AA-4BB6-9879-EEF04709B51B}
	EndGlobalSection
EndGlobal
